
Microsoft Visual Studio Solution File, Format Version 12.00
# Visual Studio 15
VisualStudioVersion = 15.0.27130.2026
MinimumVisualStudioVersion = 10.0.40219.1
Project("{8BC9CEB8-8B4A-11D0-8D11-00A0C91BC942}") = "LinkedList", "LinkedList\LinkedList.vcxproj", "{D098E75D-166B-49C2-AEFF-CA6EB9AEC6DD}"
EndProject
Global
	GlobalSection(SolutionConfigurationPlatforms) = preSolution
		Debug|x64 = Debug|x64
		Debug|x86 = Debug|x86
		Release|x64 = Release|x64
		Release|x86 = Release|x86
	EndGlobalSection
	GlobalSection(ProjectConfigurationPlatforms) = postSolution
		{D098E75D-166B-49C2-AEFF-CA6EB9AEC6DD}.Debug|x64.ActiveCfg = Debug|x64
		{D098E75D-166B-49C2-AEFF-CA6EB9AEC6DD}.Debug|x64.Build.0 = Debug|x64
		{D098E75D-166B-49C2-AEFF-CA6EB9AEC6DD}.Debug|x86.ActiveCfg = Debug|Win32
		{D098E75D-166B-49C2-AEFF-CA6EB9AEC6DD}.Debug|x86.Build.0 = Debug|Win32
		{D098E75D-166B-49C2-AEFF-CA6EB9AEC6DD}.Release|x64.ActiveCfg = Release|x64
		{D098E75D-166B-49C2-AEFF-CA6EB9AEC6DD}.Release|x64.Build.0 = Release|x64
		{D098E75D-166B-49C2-AEFF-CA6EB9AEC6DD}.Release|x86.ActiveCfg = Release|Win32
		{D098E75D-166B-49C2-AEFF-CA6EB9AEC6DD}.Release|x86.Build.0 = Release|Win32
	EndGlobalSection
	GlobalSection(SolutionProperties) = preSolution
		HideSolutionNode = FALSE
	EndGlobalSection
	GlobalSection(ExtensibilityGlobals) = postSolution
		SolutionGuid = {6FDE6DEE-A0F7-48F1-AA2E-168A98DE48D4}
	EndGlobalSection
EndGlobal
